
Microsoft Visual Studio Solution File, Format Version 12.00
# Visual Studio Version 16
VisualStudioVersion = 16.0.30611.23
MinimumVisualStudioVersion = 10.0.40219.1
Project("{8BC9CEB8-8B4A-11D0-8D11-00A0C91BC942}") = "Fractal", "Fractal.vcxproj", "{EA5021F9-2524-4A74-88D3-0392E82D0DD2}"
EndProject
Global
	GlobalSection(SolutionConfigurationPlatforms) = preSolution
		Debug|x64 = Debug|x64
		Debug|x86 = Debug|x86
		Release|x64 = Release|x64
		Release|x86 = Release|x86
	EndGlobalSection
	GlobalSection(ProjectConfigurationPlatforms) = postSolution
		{EA5021F9-2524-4A74-88D3-0392E82D0DD2}.Debug|x64.ActiveCfg = Debug|x64
		{EA5021F9-2524-4A74-88D3-0392E82D0DD2}.Debug|x64.Build.0 = Debug|x64
		{EA5021F9-2524-4A74-88D3-0392E82D0DD2}.Debug|x86.ActiveCfg = Debug|Win32
		{EA5021F9-2524-4A74-88D3-0392E82D0DD2}.Debug|x86.Build.0 = Debug|Win32
		{EA5021F9-2524-4A74-88D3-0392E82D0DD2}.Release|x64.ActiveCfg = Release|x64
		{EA5021F9-2524-4A74-88D3-0392E82D0DD2}.Release|x64.Build.0 = Release|x64
		{EA5021F9-2524-4A74-88D3-0392E82D0DD2}.Release|x86.ActiveCfg = Release|Win32
		{EA5021F9-2524-4A74-88D3-0392E82D0DD2}.Release|x86.Build.0 = Release|Win32
	EndGlobalSection
	GlobalSection(SolutionProperties) = preSolution
		HideSolutionNode = FALSE
	EndGlobalSection
	GlobalSection(ExtensibilityGlobals) = postSolution
		SolutionGuid = {070287B1-CBC5-466E-B5F9-1E129020BB27}
	EndGlobalSection
EndGlobal
